// !$*UTF8*$!
{
	archiveVersion = 1;
	classes = {
	};
	objectVersion = 48;
	objects = {

/* Begin PBXBuildFile section */
		263967CB1FD0367300BCAFA7 /* AppDelegate.swift in Sources */ = {isa = PBXBuildFile; fileRef = 263967CA1FD0367300BCAFA7 /* AppDelegate.swift */; };
		263967CD1FD0367300BCAFA7 /* ViewController.swift in Sources */ = {isa = PBXBuildFile; fileRef = 263967CC1FD0367300BCAFA7 /* ViewController.swift */; };
		263967D01FD0367300BCAFA7 /* Main.storyboard in Resources */ = {isa = PBXBuildFile; fileRef = 263967CE1FD0367300BCAFA7 /* Main.storyboard */; };
		263967D21FD0367300BCAFA7 /* Assets.xcassets in Resources */ = {isa = PBXBuildFile; fileRef = 263967D11FD0367300BCAFA7 /* Assets.xcassets */; };
		263967D51FD0367300BCAFA7 /* LaunchScreen.storyboard in Resources */ = {isa = PBXBuildFile; fileRef = 263967D31FD0367300BCAFA7 /* LaunchScreen.storyboard */; };
/* End PBXBuildFile section */

/* Begin PBXFileReference section */
		263967C71FD0367300BCAFA7 /* CircularControl.app */ = {isa = PBXFileReference; explicitFileType = wrapper.application; includeInIndex = 0; path = CircularControl.app; sourceTree = BUILT_PRODUCTS_DIR; };
		263967CA1FD0367300BCAFA7 /* AppDelegate.swift */ = {isa = PBXFileReference; lastKnownFileType = sourcecode.swift; path = AppDelegate.swift; sourceTree = "<group>"; };
		263967CC1FD0367300BCAFA7 /* ViewController.swift */ = {isa = PBXFileReference; lastKnownFileType = sourcecode.swift; path = ViewController.swift; sourceTree = "<group>"; };
		263967CF1FD0367300BCAFA7 /* Base */ = {isa = PBXFileReference; lastKnownFileType = file.storyboard; name = Base; path = Base.lproj/Main.storyboard; sourceTree = "<group>"; };
		263967D11FD0367300BCAFA7 /* Assets.xcassets */ = {isa = PBXFileReference; lastKnownFileType = folder.assetcatalog; path = Assets.xcassets; sourceTree = "<group>"; };
		263967D41FD0367300BCAFA7 /* Base */ = {isa = PBXFileReference; lastKnownFileType = file.storyboard; name = Base; path = Base.lproj/LaunchScreen.storyboard; sourceTree = "<group>"; };
		263967D61FD0367300BCAFA7 /* Info.plist */ = {isa = PBXFileReference; lastKnownFileType = text.plist.xml; path = Info.plist; sourceTree = "<group>"; };
/* End PBXFileReference section */

/* Begin PBXFrameworksBuildPhase section */
		263967C41FD0367300BCAFA7 /* Frameworks */ = {
			isa = PBXFrameworksBuildPhase;
			buildActionMask = 2147483647;
			files = (
			);
			runOnlyForDeploymentPostprocessing = 0;
		};
/* End PBXFrameworksBuildPhase section */

/* Begin PBXGroup section */
		263967BE1FD0367300BCAFA7 = {
			isa = PBXGroup;
			children = (
				263967C91FD0367300BCAFA7 /* CircularControl */,
				263967C81FD0367300BCAFA7 /* Products */,
			);
			sourceTree = "<group>";
		};
		263967C81FD0367300BCAFA7 /* Products */ = {
			isa = PBXGroup;
			children = (
				263967C71FD0367300BCAFA7 /* CircularControl.app */,
			);
			name = Products;
			sourceTree = "<group>";
		};
		263967C91FD0367300BCAFA7 /* CircularControl */ = {
			isa = PBXGroup;
			children = (
				263967CA1FD0367300BCAFA7 /* AppDelegate.swift */,
				263967CC1FD0367300BCAFA7 /* ViewController.swift */,
				263967CE1FD0367300BCAFA7 /* Main.storyboard */,
				263967D11FD0367300BCAFA7 /* Assets.xcassets */,
				263967D31FD0367300BCAFA7 /* LaunchScreen.storyboard */,
				263967D61FD0367300BCAFA7 /* Info.plist */,
			);
			path = CircularControl;
			sourceTree = "<group>";
		};
/* End PBXGroup section */

/* Begin PBXNativeTarget section */
		263967C61FD0367300BCAFA7 /* CircularControl */ = {
			isa = PBXNativeTarget;
			buildConfigurationList = 263967D91FD0367300BCAFA7 /* Build configuration list for PBXNativeTarget "CircularControl" */;
			buildPhases = (
				263967C31FD0367300BCAFA7 /* Sources */,
				263967C41FD0367300BCAFA7 /* Frameworks */,
				263967C51FD0367300BCAFA7 /* Resources */,
			);
			buildRules = (
			);
			dependencies = (
			);
			name = CircularControl;
			productName = CircularControl;
			productReference = 263967C71FD0367300BCAFA7 /* CircularControl.app */;
			productType = "com.apple.product-type.application";
		};
/* End PBXNativeTarget section */

/* Begin PBXProject section */
		263967BF1FD0367300BCAFA7 /* Project object */ = {
			isa = PBXProject;
			attributes = {
				LastSwiftUpdateCheck = 0910;
				LastUpgradeCheck = 0910;
				ORGANIZATIONNAME = "Daniel Murphy";
				TargetAttributes = {
					263967C61FD0367300BCAFA7 = {
						CreatedOnToolsVersion = 9.1;
						ProvisioningStyle = Automatic;
					};
				};
			};
			buildConfigurationList = 263967C21FD0367300BCAFA7 /* Build configuration list for PBXProject "CircularControl" */;
			compatibilityVersion = "Xcode 8.0";
			developmentRegion = en;
			hasScannedForEncodings = 0;
			knownRegions = (
				en,
				Base,
			);
			mainGroup = 263967BE1FD0367300BCAFA7;
			productRefGroup = 263967C81FD0367300BCAFA7 /* Products */;
			projectDirPath = "";
			projectRoot = "";
			targets = (
				263967C61FD0367300BCAFA7 /* CircularControl */,
			);
		};
/* End PBXProject section */

/* Begin PBXResourcesBuildPhase section */
		263967C51FD0367300BCAFA7 /* Resources */ = {
			isa = PBXResourcesBuildPhase;
			buildActionMask = 2147483647;
			files = (
				263967D51FD0367300BCAFA7 /* LaunchScreen.storyboard in Resources */,
				263967D21FD0367300BCAFA7 /* Assets.xcassets in Resources */,
				263967D01FD0367300BCAFA7 /* Main.storyboard in Resources */,
			);
			runOnlyForDeploymentPostprocessing = 0;
		};
/* End PBXResourcesBuildPhase section */

/* Begin PBXSourcesBuildPhase section */
		263967C31FD0367300BCAFA7 /* Sources */ = {
			isa = PBXSourcesBuildPhase;
			buildActionMask = 2147483647;
			files = (
				263967CD1FD0367300BCAFA7 /* ViewController.swift in Sources */,
				263967CB1FD0367300BCAFA7 /* AppDelegate.swift in Sources */,
			);
			runOnlyForDeploymentPostprocessing = 0;
		};
/* End PBXSourcesBuildPhase section */

/* Begin PBXVariantGroup section */
		263967CE1FD0367300BCAFA7 /* Main.storyboard */ = {
			isa = PBXVariantGroup;
			children = (
				263967CF1FD0367300BCAFA7 /* Base */,
			);
			name = Main.storyboard;
			sourceTree = "<group>";
		};
		263967D31FD0367300BCAFA7 /* LaunchScreen.storyboard */ = {
			isa = PBXVariantGroup;
			children = (
				263967D41FD0367300BCAFA7 /* Base */,
			);
			name = LaunchScreen.storyboard;
			sourceTree = "<group>";
		};
/* End PBXVariantGroup section */

/* Begin XCBuildConfiguration section */
		263967D71FD0367300BCAFA7 /* Debug */ = {
			isa = XCBuildConfiguration;
			buildSettings = {
				ALWAYS_SEARCH_USER_PATHS = NO;
				CLANG_ANALYZER_NONNULL = YES;
				CLANG_ANALYZER_NUMBER_OBJECT_CONVERSION = YES_AGGRESSIVE;
				CLANG_CXX_LANGUAGE_STANDARD = "gnu++14";
				CLANG_CXX_LIBRARY = "libc++";
				CLANG_ENABLE_MODULES = YES;
				CLANG_ENABLE_OBJC_ARC = YES;
				CLANG_WARN_BLOCK_CAPTURE_AUTORELEASING = YES;
				CLANG_WARN_BOOL_CONVERSION = YES;
				CLANG_WARN_COMMA = YES;
				CLANG_WARN_CONSTANT_CONVERSION = YES;
				CLANG_WARN_DIRECT_OBJC_ISA_USAGE = YES_ERROR;
				CLANG_WARN_DOCUMENTATION_COMMENTS = YES;
				CLANG_WARN_EMPTY_BODY = YES;
				CLANG_WARN_ENUM_CONVERSION = YES;
				CLANG_WARN_INFINITE_RECURSION = YES;
				CLANG_WARN_INT_CONVERSION = YES;
				CLANG_WARN_NON_LITERAL_NULL_CONVERSION = YES;
				CLANG_WARN_OBJC_LITERAL_CONVERSION = YES;
				CLANG_WARN_OBJC_ROOT_CLASS = YES_ERROR;
				CLANG_WARN_RANGE_LOOP_ANALYSIS = YES;
				CLANG_WARN_STRICT_PROTOTYPES = YES;
				CLANG_WARN_SUSPICIOUS_MOVE = YES;
				CLANG_WARN_UNGUARDED_AVAILABILITY = YES_AGGRESSIVE;
				CLANG_WARN_UNREACHABLE_CODE = YES;
				CLANG_WARN__DUPLICATE_METHOD_MATCH = YES;
				CODE_SIGN_IDENTITY = "iPhone Developer";
				COPY_PHASE_STRIP = NO;
				DEBUG_INFORMATION_FORMAT = dwarf;
				ENABLE_STRICT_OBJC_MSGSEND = YES;
				ENABLE_TESTABILITY = YES;
				GCC_C_LANGUAGE_STANDARD = gnu11;
				GCC_DYNAMIC_NO_PIC = NO;
				GCC_NO_COMMON_BLOCKS = YES;
				GCC_OPTIMIZATION_LEVEL = 0;
				GCC_PREPROCESSOR_DEFINITIONS = (
					"DEBUG=1",
					"$(inherited)",
				);
				GCC_WARN_64_TO_32_BIT_CONVERSION = YES;
				GCC_WARN_ABOUT_RETURN_TYPE = YES_ERROR;
				GCC_WARN_UNDECLARED_SELECTOR = YES;
				GCC_WARN_UNINITIALIZED_AUTOS = YES_AGGRESSIVE;
				GCC_WARN_UNUSED_FUNCTION = YES;
				GCC_WARN_UNUSED_VARIABLE = YES;
				IPHONEOS_DEPLOYMENT_TARGET = 11.1;
				MTL_ENABLE_DEBUG_INFO = YES;
				ONLY_ACTIVE_ARCH = YES;
				SDKROOT = iphoneos;
				SWIFT_ACTIVE_COMPILATION_CONDITIONS = DEBUG;
				SWIFT_OPTIMIZATION_LEVEL = "-Onone";
			};
			name = Debug;
		};
		263967D81FD0367300BCAFA7 /* Release */ = {
			isa = XCBuildConfiguration;
			buildSettings = {
				ALWAYS_SEARCH_USER_PATHS = NO;
				CLANG_ANALYZER_NONNULL = YES;
				CLANG_ANALYZER_NUMBER_OBJECT_CONVERSION = YES_AGGRESSIVE;
				CLANG_CXX_LANGUAGE_STANDARD = "gnu++14";
				CLANG_CXX_LIBRARY = "libc++";
				CLANG_ENABLE_MODULES = YES;
				CLANG_ENABLE_OBJC_ARC = YES;
				CLANG_WARN_BLOCK_CAPTURE_AUTORELEASING = YES;
				CLANG_WARN_BOOL_CONVERSION = YES;
				CLANG_WARN_COMMA = YES;
				CLANG_WARN_CONSTANT_CONVERSION = YES;
				CLANG_WARN_DIRECT_OBJC_ISA_USAGE = YES_ERROR;
				CLANG_WARN_DOCUMENTATION_COMMENTS = YES;
				CLANG_WARN_EMPTY_BODY = YES;
				CLANG_WARN_ENUM_CONVERSION = YES;
				CLANG_WARN_INFINITE_RECURSION = YES;
				CLANG_WARN_INT_CONVERSION = YES;
				CLANG_WARN_NON_LITERAL_NULL_CONVERSION = YES;
				CLANG_WARN_OBJC_LITERAL_CONVERSION = YES;
				CLANG_WARN_OBJC_ROOT_CLASS = YES_ERROR;
				CLANG_WARN_RANGE_LOOP_ANALYSIS = YES;
				CLANG_WARN_STRICT_PROTOTYPES = YES;
				CLANG_WARN_SUSPICIOUS_MOVE = YES;
				CLANG_WARN_UNGUARDED_AVAILABILITY = YES_AGGRESSIVE;
				CLANG_WARN_UNREACHABLE_CODE = YES;
				CLANG_WARN__DUPLICATE_METHOD_MATCH = YES;
				CODE_SIGN_IDENTITY = "iPhone Developer";
				COPY_PHASE_STRIP = NO;
				DEBUG_INFORMATION_FORMAT = "dwarf-with-dsym";
				ENABLE_NS_ASSERTIONS = NO;
				ENABLE_STRICT_OBJC_MSGSEND = YES;
				GCC_C_LANGUAGE_STANDARD = gnu11;
				GCC_NO_COMMON_BLOCKS = YES;
				GCC_WARN_64_TO_32_BIT_CONVERSION = YES;
				GCC_WARN_ABOUT_RETURN_TYPE = YES_ERROR;
				GCC_WARN_UNDECLARED_SELECTOR = YES;
				GCC_WARN_UNINITIALIZED_AUTOS = YES_AGGRESSIVE;
				GCC_WARN_UNUSED_FUNCTION = YES;
				GCC_WARN_UNUSED_VARIABLE = YES;
				IPHONEOS_DEPLOYMENT_TARGET = 11.1;
				MTL_ENABLE_DEBUG_INFO = NO;
				SDKROOT = iphoneos;
				SWIFT_OPTIMIZATION_LEVEL = "-Owholemodule";
				VALIDATE_PRODUCT = YES;
			};
			name = Release;
		};
		263967DA1FD0367300BCAFA7 /* Debug */ = {
			isa = XCBuildConfiguration;
			buildSettings = {
				ASSETCATALOG_COMPILER_APPICON_NAME = AppIcon;
				CODE_SIGN_STYLE = Automatic;
				DEVELOPMENT_TEAM = 7N82768C58;
				INFOPLIST_FILE = CircularControl/Info.plist;
				LD_RUNPATH_SEARCH_PATHS = "$(inherited) @executable_path/Frameworks";
				PRODUCT_BUNDLE_IDENTIFIER = com.shadowshiver.CircularControl;
				PRODUCT_NAME = "$(TARGET_NAME)";
				SWIFT_VERSION = 4.0;
				TARGETED_DEVICE_FAMILY = "1,2";
			};
			name = Debug;
		};
		263967DB1FD0367300BCAFA7 /* Release */ = {
			isa = XCBuildConfiguration;
			buildSettings = {
				ASSETCATALOG_COMPILER_APPICON_NAME = AppIcon;
				CODE_SIGN_STYLE = Automatic;
				DEVELOPMENT_TEAM = 7N82768C58;
				INFOPLIST_FILE = CircularControl/Info.plist;
				LD_RUNPATH_SEARCH_PATHS = "$(inherited) @executable_path/Frameworks";
				PRODUCT_BUNDLE_IDENTIFIER = com.shadowshiver.CircularControl;
				PRODUCT_NAME = "$(TARGET_NAME)";
				SWIFT_VERSION = 4.0;
				TARGETED_DEVICE_FAMILY = "1,2";
			};
			name = Release;
		};
/* End XCBuildConfiguration section */

/* Begin XCConfigurationList section */
		263967C21FD0367300BCAFA7 /* Build configuration list for PBXProject "CircularControl" */ = {
			isa = XCConfigurationList;
			buildConfigurations = (
				263967D71FD0367300BCAFA7 /* Debug */,
				263967D81FD0367300BCAFA7 /* Release */,
			);
			defaultConfigurationIsVisible = 0;
			defaultConfigurationName = Release;
		};
		263967D91FD0367300BCAFA7 /* Build configuration list for PBXNativeTarget "CircularControl" */ = {
			isa = XCConfigurationList;
			buildConfigurations = (
				263967DA1FD0367300BCAFA7 /* Debug */,
				263967DB1FD0367300BCAFA7 /* Release */,
			);
			defaultConfigurationIsVisible = 0;
			defaultConfigurationName = Release;
		};
/* End XCConfigurationList section */
	};
	rootObject = 263967BF1FD0367300BCAFA7 /* Project object */;
}
